
Microsoft Visual Studio Solution File, Format Version 12.00
# Visual Studio Version 17
VisualStudioVersion = 17.2.32526.322
MinimumVisualStudioVersion = 10.0.40219.1
Project("{FAE04EC0-301F-11D3-BF4B-00C04F79EFBC}") = "MerchantsGuideBook", "MerchantsGuideBook\MerchantsGuideBook.csproj", "{704272E1-E815-4BEE-94F2-EB02EFF54435}"
EndProject
Global
	GlobalSection(SolutionConfigurationPlatforms) = preSolution
		Debug|Any CPU = Debug|Any CPU
		Release|Any CPU = Release|Any CPU
	EndGlobalSection
	GlobalSection(ProjectConfigurationPlatforms) = postSolution
		{704272E1-E815-4BEE-94F2-EB02EFF54435}.Debug|Any CPU.ActiveCfg = Debug|Any CPU
		{704272E1-E815-4BEE-94F2-EB02EFF54435}.Debug|Any CPU.Build.0 = Debug|Any CPU
		{704272E1-E815-4BEE-94F2-EB02EFF54435}.Release|Any CPU.ActiveCfg = Release|Any CPU
		{704272E1-E815-4BEE-94F2-EB02EFF54435}.Release|Any CPU.Build.0 = Release|Any CPU
	EndGlobalSection
	GlobalSection(SolutionProperties) = preSolution
		HideSolutionNode = FALSE
	EndGlobalSection
	GlobalSection(ExtensibilityGlobals) = postSolution
		SolutionGuid = {1A2EA554-C52E-4569-8BD0-8B6EEA2961BF}
	EndGlobalSection
EndGlobal
